<?xml version="1.0" encoding="utf-8"?>
<Project ToolsVersion="4.0" xmlns="http://schemas.microsoft.com/developer/msbuild/2003">
  <ItemGroup>
    <ClCompile Include="source\myJson.cpp" />
    <ClCompile Include="source\bone.cpp" />
    <ClCompile Include="source\BreakObject.cpp" />
    <ClCompile Include="source\BuildingBase.cpp" />
    <ClCompile Include="source\CharacterBase.cpp" />
    <ClCompile Include="source\Crystarl.cpp" />
    <ClCompile Include="source\EnemyBase.cpp" />
    <ClCompile Include="source\ModeGameOver.cpp" />
    <ClCompile Include="source\ModeClear.cpp" />
    <ClCompile Include="source\Camera.cpp" />
    <ClCompile Include="source\ApplicationMain.cpp" />
    <ClCompile Include="source\ModeGame.cpp" />
    <ClCompile Include="source\ModeTest.cpp" />
    <ClCompile Include="source\ModeTitle.cpp" />
    <ClCompile Include="source\Player.cpp" />
    <ClCompile Include="source\Chain.cpp" />
    <ClCompile Include="source\SlaBlock.cpp" />
    <ClCompile Include="source\UIBase.cpp" />
    <ClCompile Include="source\UIExpPoint.cpp" />
    <ClCompile Include="source\UIHeart.cpp" />
    <ClCompile Include="source\House.cpp" />
    <ClCompile Include="source\EnemyPool.cpp" />
    <ClCompile Include="source\CrystarlPattern2.cpp" />
    <ClCompile Include="source\SlaBlockPattern2.cpp" />
    <ClCompile Include="source\ScreenVibration.cpp" />
    <ClCompile Include="source\PlaneEffectManeger.cpp" />
    <ClCompile Include="source\BoardPolygon.cpp" />
    <ClCompile Include="source\ModePause.cpp" />
  </ItemGroup>
  <ItemGroup>
    <ClInclude Include="source\myJson.h" />
    <ClInclude Include="source\bone.h" />
    <ClInclude Include="source\BreakObject.h" />
    <ClInclude Include="source\BuildingBase.h" />
    <ClInclude Include="source\CharacterBase.h" />
    <ClInclude Include="source\Crystarl.h" />
    <ClInclude Include="source\EnemyBase.h" />
    <ClInclude Include="source\ModeGameOver.h" />
    <ClInclude Include="source\ModeClear.h" />
    <ClInclude Include="source\Camera.h" />
    <ClInclude Include="source\ApplicationMain.h" />
    <ClInclude Include="source\ModeGame.h" />
    <ClInclude Include="source\ModeTest.h" />
    <ClInclude Include="source\ModeTitle.h" />
    <ClInclude Include="source\Player.h" />
    <ClInclude Include="source\Chain.h" />
    <ClInclude Include="source\SlaBlock.h" />
    <ClInclude Include="source\UIBase.h" />
    <ClInclude Include="source\UIExpPoint.h" />
    <ClInclude Include="source\UIHeart.h" />
    <ClInclude Include="source\House.h" />
    <ClInclude Include="source\EnemyStract.h" />
    <ClInclude Include="source\EnemyPool.h" />
    <ClInclude Include="source\CrystarlPattern2.h" />
    <ClInclude Include="source\SlaBlockPattern2.h" />
    <ClInclude Include="source\ScreenVibration.h" />
    <ClInclude Include="source\PlaneEffectManeger.h" />
    <ClInclude Include="source\BoardPolygon.h" />
    <ClInclude Include="source\ModePause.h" />
  </ItemGroup>
</Project>