<?xml version="1.0" encoding="utf-8"?>
<Project ToolsVersion="4.0" xmlns="http://schemas.microsoft.com/developer/msbuild/2003">
  <ItemGroup>
    <Filter Include="Application">
      <UniqueIdentifier>{4ca63305-d083-453b-88a9-706f0a1ac180}</UniqueIdentifier>
    </Filter>
    <Filter Include="ModeServer">
      <UniqueIdentifier>{f65d1d8e-b785-4c0b-a849-085fd92b4b60}</UniqueIdentifier>
    </Filter>
    <Filter Include="CFile">
      <UniqueIdentifier>{8fbd5843-f112-4047-a7f8-83460621436b}</UniqueIdentifier>
    </Filter>
    <Filter Include="System">
      <UniqueIdentifier>{20a9d7c4-f9c1-4d61-8c08-e534c09441f1}</UniqueIdentifier>
    </Filter>
    <Filter Include="System\Source">
      <UniqueIdentifier>{0cc9dfbf-2531-4678-9af1-fd991bd59203}</UniqueIdentifier>
    </Filter>
    <Filter Include="System\Header">
      <UniqueIdentifier>{097e52b7-4eca-426a-8ab7-dcefd91c107a}</UniqueIdentifier>
    </Filter>
  </ItemGroup>
  <ItemGroup>
    <ClCompile Include="source\Application\ApplicationBase.cpp">
      <Filter>Application</Filter>
    </ClCompile>
    <ClCompile Include="source\Application\WinMain.cpp">
      <Filter>Application</Filter>
    </ClCompile>
    <ClCompile Include="source\Mode\ModeBase.cpp">
      <Filter>ModeServer</Filter>
    </ClCompile>
    <ClCompile Include="source\Mode\ModeServer.cpp">
      <Filter>ModeServer</Filter>
    </ClCompile>
    <ClCompile Include="source\CFile\CFile.cpp">
      <Filter>CFile</Filter>
    </ClCompile>
    <ClCompile Include="source\System\Source\Input\XInput.cpp">
      <Filter>System\Source</Filter>
    </ClCompile>
    <ClCompile Include="source\System\Source\Function\mydraw.cpp">
      <Filter>System\Source</Filter>
    </ClCompile>
    <ClCompile Include="source\System\Source\Function\Easing.cpp">
      <Filter>System\Source</Filter>
    </ClCompile>
    <ClCompile Include="source\System\Source\Function\Fps.cpp">
      <Filter>System\Source</Filter>
    </ClCompile>
    <ClCompile Include="source\System\Source\Collision\2DCollision.cpp" />
    <ClCompile Include="source\System\Source\Collision\3DCollision.cpp" />
    <ClCompile Include="source\System\Source\Function\3DDraw.cpp" />
    <ClCompile Include="source\System\Source\Effect\Effect.cpp" />
    <ClCompile Include="source\System\Source\Resource\ResourceServer.cpp" />
    <ClCompile Include="source\Application\Global.cpp" />
    <ClCompile Include="source\System\Source\Function\mymath.cpp" />
    <ClCompile Include="source\System\Source\Function\Timer.cpp" />
    <ClCompile Include="source\System\Source\Function\DrawGauge.cpp" />
    <ClCompile Include="source\System\Source\Collision\MyStructure.cpp" />
    <ClCompile Include="source\System\Source\Function\Vibration.cpp" />
    <ClCompile Include="source\System\Source\Sound\SoundItem.cpp" />
    <ClCompile Include="source\System\Source\Sound\SoundServer.cpp" />
  </ItemGroup>
  <ItemGroup>
    <ClInclude Include="source\Application\ApplicationBase.h">
      <Filter>Application</Filter>
    </ClInclude>
    <ClInclude Include="source\Application\UtilMacro.h">
      <Filter>Application</Filter>
    </ClInclude>
    <ClInclude Include="source\Mode\ModeBase.h">
      <Filter>ModeServer</Filter>
    </ClInclude>
    <ClInclude Include="source\Mode\ModeServer.h">
      <Filter>ModeServer</Filter>
    </ClInclude>
    <ClInclude Include="source\CFile\CFile.h">
      <Filter>CFile</Filter>
    </ClInclude>
    <ClInclude Include="source\System\Header\Function\Easing.h">
      <Filter>System\Header</Filter>
    </ClInclude>
    <ClInclude Include="source\System\Header\Function\mydraw.h">
      <Filter>System\Header</Filter>
    </ClInclude>
    <ClInclude Include="source\appframe.h" />
    <ClInclude Include="source\System\Header\Function\Fps.h">
      <Filter>System\Header</Filter>
    </ClInclude>
    <ClInclude Include="source\System\Header\Collision\2DCollision.h" />
    <ClInclude Include="source\System\Header\Collision\MyStructure.h" />
    <ClInclude Include="source\System\Header\Collision\3DCollision.h" />
    <ClInclude Include="source\System\Header\Function\3DDraw.h" />
    <ClInclude Include="source\System\Header\Effect\Effect.h" />
    <ClInclude Include="source\System\Header\Resource\ResourceServer.h" />
    <ClInclude Include="source\Application\Global.h" />
    <ClInclude Include="source\System\Header\Function\mymath.h" />
    <ClInclude Include="source\System\Header\Function\Timer.h" />
    <ClInclude Include="source\System\Header\Function\Vector3D.h" />
    <ClInclude Include="source\System\Header\Function\DrawGauge.h" />
    <ClInclude Include="source\System\Header\Function\Vibration.h" />
    <ClInclude Include="source\System\Header\Sound\SoundItem.h" />
    <ClInclude Include="source\System\Header\Sound\SoundServer.h" />
    <ClInclude Include="source\System\Header\Input\XInput.h" />
  </ItemGroup>
</Project>